{
  "nodes": {
    "nixpkgs": {
      "locked": {
        "lastModified": 1727877719,
        "narHash": "sha256-ypVkSarhi3aqd0qOOm6kBBa02wB6fLfz9/s+OtmPI/c=",
        "owner": "NixOS",
        "repo": "nixpkgs",
        "rev": "772b1ca1162faa1d19d51c1047eadf657ab629e5",
        "type": "github"
      },
      "original": {
        "owner": "NixOS",
        "repo": "nixpkgs",
        "rev": "772b1ca1162faa1d19d51c1047eadf657ab629e5",
        "type": "github"
      }
    },
    "root": {
      "inputs": {
        "nixpkgs": "nixpkgs"
      }
    }
  },
  "root": "root",
  "version": 7
}
